
Microsoft Visual Studio Solution File, Format Version 12.00
# Visual Studio Version 17
VisualStudioVersion = 17.4.33205.214
MinimumVisualStudioVersion = 10.0.40219.1
Project("{8BC9CEB8-8B4A-11D0-8D11-00A0C91BC942}") = "AkelPad", "AkelPad.vcxproj", "{CCE9CF34-BA4E-4ED1-B7E2-7515BE41E443}"
EndProject
Project("{2150E333-8FDC-42A3-9474-1A3956D46DE8}") = "Plugs", "Plugs", "{7A5B1B06-70BC-45D2-A6ED-8EB39A8E1819}"
EndProject
Project("{8BC9CEB8-8B4A-11D0-8D11-00A0C91BC942}") = "Clipboard", "AkelFiles\Plugs\Clipboard\Source\Clipboard.vcxproj", "{A5BDC7D4-9B0B-4A00-ACE9-DC79533ECDF0}"
EndProject
Project("{8BC9CEB8-8B4A-11D0-8D11-00A0C91BC942}") = "Coder", "AkelFiles\Plugs\Coder\Source\Coder.vcxproj", "{5DAD3096-4350-45BE-99A5-20E372CAF5DE}"
EndProject
Project("{8BC9CEB8-8B4A-11D0-8D11-00A0C91BC942}") = "ContextMenu", "AkelFiles\Plugs\ContextMenu\Source\ContextMenu.vcxproj", "{0FFE8F9E-CC6E-46B4-9D21-2CBB8CD27114}"
EndProject
Project("{8BC9CEB8-8B4A-11D0-8D11-00A0C91BC942}") = "Exit", "AkelFiles\Plugs\Exit\Source\Exit.vcxproj", "{AECBD501-6DE2-4233-BC9E-EC1925F29D2E}"
EndProject
Project("{8BC9CEB8-8B4A-11D0-8D11-00A0C91BC942}") = "Explorer", "AkelFiles\Plugs\Explorer\Source\Explorer.vcxproj", "{C55F0BD4-6CFB-4733-AA68-F01C71B6F50C}"
EndProject
Project("{8BC9CEB8-8B4A-11D0-8D11-00A0C91BC942}") = "Fonts", "AkelFiles\Plugs\Fonts\Source\Fonts.vcxproj", "{CE622E0A-6AFD-4E42-AC6E-5AB39649F0D0}"
EndProject
Project("{8BC9CEB8-8B4A-11D0-8D11-00A0C91BC942}") = "Format", "AkelFiles\Plugs\Format\Source\Format.vcxproj", "{790E7E04-E2FB-4995-9CF0-D49137518E50}"
EndProject
Project("{8BC9CEB8-8B4A-11D0-8D11-00A0C91BC942}") = "FullScreen", "AkelFiles\Plugs\FullScreen\Source\FullScreen.vcxproj", "{E1A14D38-2B41-4DB4-88DC-24E8474DD0D3}"
EndProject
Project("{8BC9CEB8-8B4A-11D0-8D11-00A0C91BC942}") = "HexSel", "AkelFiles\Plugs\HexSel\Source\HexSel.vcxproj", "{2DD00077-A197-4BBB-8638-28BCAF4BCE32}"
EndProject
Project("{8BC9CEB8-8B4A-11D0-8D11-00A0C91BC942}") = "Hotkeys", "AkelFiles\Plugs\Hotkeys\Source\Hotkeys.vcxproj", "{11721828-9AD7-458E-91C0-EE650BB0579D}"
EndProject
Project("{8BC9CEB8-8B4A-11D0-8D11-00A0C91BC942}") = "LineBoard", "AkelFiles\Plugs\LineBoard\Source\LineBoard.vcxproj", "{C7808171-6600-4B61-97F3-D4FE95335928}"
EndProject
Project("{8BC9CEB8-8B4A-11D0-8D11-00A0C91BC942}") = "Log", "AkelFiles\Plugs\Log\Source\Log.vcxproj", "{C2B3E272-6A4F-4632-9C4D-6A7D2E6E2920}"
EndProject
Project("{8BC9CEB8-8B4A-11D0-8D11-00A0C91BC942}") = "Macros", "AkelFiles\Plugs\Macros\Source\Macros.vcxproj", "{D29A1390-42FD-4DB0-A40E-224E230C2141}"
EndProject
Project("{8BC9CEB8-8B4A-11D0-8D11-00A0C91BC942}") = "MinimizeToTray", "AkelFiles\Plugs\MinimizeToTray\Source\MinimizeToTray.vcxproj", "{A394DA76-8EE8-413C-8249-A38AF8C456ED}"
EndProject
Project("{8BC9CEB8-8B4A-11D0-8D11-00A0C91BC942}") = "RecentFiles", "AkelFiles\Plugs\RecentFiles\Source\RecentFiles.vcxproj", "{A7C0EA0B-CA05-400F-8EFC-E1BC889B2DFE}"
EndProject
Project("{8BC9CEB8-8B4A-11D0-8D11-00A0C91BC942}") = "SaveFile", "AkelFiles\Plugs\SaveFile\Source\SaveFile.vcxproj", "{9023DEC6-0AE0-4A69-A174-BB1DDF7D14B1}"
EndProject
Project("{8BC9CEB8-8B4A-11D0-8D11-00A0C91BC942}") = "Scripts", "AkelFiles\Plugs\Scripts\Source\Scripts.vcxproj", "{E6724AF4-0D25-448E-9BA4-C0EEB2F205CA}"
EndProject
Project("{8BC9CEB8-8B4A-11D0-8D11-00A0C91BC942}") = "Scroll", "AkelFiles\Plugs\Scroll\Source\Scroll.vcxproj", "{C49BD8DE-185E-470C-A406-58AD64F34CBB}"
EndProject
Project("{8BC9CEB8-8B4A-11D0-8D11-00A0C91BC942}") = "Sessions", "AkelFiles\Plugs\Sessions\Source\Sessions.vcxproj", "{35FF93EC-CBE5-4AD1-B662-604E7CB9DDDC}"
EndProject
Project("{8BC9CEB8-8B4A-11D0-8D11-00A0C91BC942}") = "Sounds", "AkelFiles\Plugs\Sounds\Source\Sounds.vcxproj", "{2FF45015-8C4F-4445-A690-A6237D6C71BD}"
EndProject
Project("{8BC9CEB8-8B4A-11D0-8D11-00A0C91BC942}") = "SpecialChar", "AkelFiles\Plugs\SpecialChar\Source\SpecialChar.vcxproj", "{BC84B806-6EBD-48F9-82E2-B2AA8CC12FE4}"
EndProject
Project("{8BC9CEB8-8B4A-11D0-8D11-00A0C91BC942}") = "Stats", "AkelFiles\Plugs\Stats\Source\Stats.vcxproj", "{A52F1362-0F65-4E4A-BF61-FDD3193D9E04}"
EndProject
Project("{8BC9CEB8-8B4A-11D0-8D11-00A0C91BC942}") = "ToolBar", "AkelFiles\Plugs\ToolBar\Source\ToolBar.vcxproj", "{337330A6-7350-4574-8A0B-0B3D35C61782}"
EndProject
Project("{8BC9CEB8-8B4A-11D0-8D11-00A0C91BC942}") = "Redirect", "Redirect\Redirect.vcxproj", "{CAB697A4-CD19-43BA-9287-E1C5CF064333}"
EndProject
Project("{8BC9CEB8-8B4A-11D0-8D11-00A0C91BC942}") = "AkelAdmin", "AkelAdmin\AkelAdmin.vcxproj", "{BAB697A4-CD19-43BA-9287-E1C5CF064333}"
EndProject
Project("{8BC9CEB8-8B4A-11D0-8D11-00A0C91BC942}") = "Speech", "AkelFiles\Plugs\Speech\Source\Speech.vcxproj", "{FF94951A-6DCD-43DB-A438-D756EB74E0B1}"
EndProject
Project("{8BC9CEB8-8B4A-11D0-8D11-00A0C91BC942}") = "QSearch", "AkelFiles\Plugs\QSearch\Source\QSearch.vcxproj", "{A8226B9F-5FE7-4987-8C5B-30E5BE937959}"
EndProject
Project("{8BC9CEB8-8B4A-11D0-8D11-00A0C91BC942}") = "SmartSel", "AkelFiles\Plugs\SmartSel\Source\SmartSel.vcxproj", "{C7DC6C34-5E28-416A-B8C4-D05FFE67BD3A}"
EndProject
Project("{8BC9CEB8-8B4A-11D0-8D11-00A0C91BC942}") = "Templates", "AkelFiles\Plugs\Templates\Source\templates.vcxproj", "{2C8E5F43-6648-4738-BA5B-7927075A70E6}"
EndProject
Project("{8BC9CEB8-8B4A-11D0-8D11-00A0C91BC942}") = "XBrackets", "AkelFiles\Plugs\XBrackets\Source\XBrackets.vcxproj", "{33B4BCD1-12E2-471F-B9CF-F4E59BD97811}"
EndProject
Global
	GlobalSection(SolutionConfigurationPlatforms) = preSolution
		Debug|x64 = Debug|x64
		Debug|x86 = Debug|x86
		Release|x64 = Release|x64
		Release|x86 = Release|x86
	EndGlobalSection
	GlobalSection(ProjectConfigurationPlatforms) = postSolution
		{CCE9CF34-BA4E-4ED1-B7E2-7515BE41E443}.Debug|x64.ActiveCfg = Debug|x64
		{CCE9CF34-BA4E-4ED1-B7E2-7515BE41E443}.Debug|x64.Build.0 = Debug|x64
		{CCE9CF34-BA4E-4ED1-B7E2-7515BE41E443}.Debug|x86.ActiveCfg = Debug|x64
		{CCE9CF34-BA4E-4ED1-B7E2-7515BE41E443}.Debug|x86.Build.0 = Debug|x64
		{CCE9CF34-BA4E-4ED1-B7E2-7515BE41E443}.Release|x64.ActiveCfg = Release|x64
		{CCE9CF34-BA4E-4ED1-B7E2-7515BE41E443}.Release|x64.Build.0 = Release|x64
		{CCE9CF34-BA4E-4ED1-B7E2-7515BE41E443}.Release|x86.ActiveCfg = Release|x64
		{CCE9CF34-BA4E-4ED1-B7E2-7515BE41E443}.Release|x86.Build.0 = Release|x64
		{A5BDC7D4-9B0B-4A00-ACE9-DC79533ECDF0}.Debug|x64.ActiveCfg = Debug|x64
		{A5BDC7D4-9B0B-4A00-ACE9-DC79533ECDF0}.Debug|x64.Build.0 = Debug|x64
		{A5BDC7D4-9B0B-4A00-ACE9-DC79533ECDF0}.Debug|x86.ActiveCfg = Debug|x64
		{A5BDC7D4-9B0B-4A00-ACE9-DC79533ECDF0}.Debug|x86.Build.0 = Debug|x64
		{A5BDC7D4-9B0B-4A00-ACE9-DC79533ECDF0}.Release|x64.ActiveCfg = Release|x64
		{A5BDC7D4-9B0B-4A00-ACE9-DC79533ECDF0}.Release|x64.Build.0 = Release|x64
		{A5BDC7D4-9B0B-4A00-ACE9-DC79533ECDF0}.Release|x86.ActiveCfg = Release|x64
		{A5BDC7D4-9B0B-4A00-ACE9-DC79533ECDF0}.Release|x86.Build.0 = Release|x64
		{5DAD3096-4350-45BE-99A5-20E372CAF5DE}.Debug|x64.ActiveCfg = Debug|x64
		{5DAD3096-4350-45BE-99A5-20E372CAF5DE}.Debug|x64.Build.0 = Debug|x64
		{5DAD3096-4350-45BE-99A5-20E372CAF5DE}.Debug|x86.ActiveCfg = Debug|x64
		{5DAD3096-4350-45BE-99A5-20E372CAF5DE}.Debug|x86.Build.0 = Debug|x64
		{5DAD3096-4350-45BE-99A5-20E372CAF5DE}.Release|x64.ActiveCfg = Release|x64
		{5DAD3096-4350-45BE-99A5-20E372CAF5DE}.Release|x64.Build.0 = Release|x64
		{5DAD3096-4350-45BE-99A5-20E372CAF5DE}.Release|x86.ActiveCfg = Release|x64
		{5DAD3096-4350-45BE-99A5-20E372CAF5DE}.Release|x86.Build.0 = Release|x64
		{0FFE8F9E-CC6E-46B4-9D21-2CBB8CD27114}.Debug|x64.ActiveCfg = Debug|x64
		{0FFE8F9E-CC6E-46B4-9D21-2CBB8CD27114}.Debug|x64.Build.0 = Debug|x64
		{0FFE8F9E-CC6E-46B4-9D21-2CBB8CD27114}.Debug|x86.ActiveCfg = Debug|x64
		{0FFE8F9E-CC6E-46B4-9D21-2CBB8CD27114}.Debug|x86.Build.0 = Debug|x64
		{0FFE8F9E-CC6E-46B4-9D21-2CBB8CD27114}.Release|x64.ActiveCfg = Release|x64
		{0FFE8F9E-CC6E-46B4-9D21-2CBB8CD27114}.Release|x64.Build.0 = Release|x64
		{0FFE8F9E-CC6E-46B4-9D21-2CBB8CD27114}.Release|x86.ActiveCfg = Release|x64
		{0FFE8F9E-CC6E-46B4-9D21-2CBB8CD27114}.Release|x86.Build.0 = Release|x64
		{AECBD501-6DE2-4233-BC9E-EC1925F29D2E}.Debug|x64.ActiveCfg = Debug|x64
		{AECBD501-6DE2-4233-BC9E-EC1925F29D2E}.Debug|x64.Build.0 = Debug|x64
		{AECBD501-6DE2-4233-BC9E-EC1925F29D2E}.Debug|x86.ActiveCfg = Debug|x64
		{AECBD501-6DE2-4233-BC9E-EC1925F29D2E}.Debug|x86.Build.0 = Debug|x64
		{AECBD501-6DE2-4233-BC9E-EC1925F29D2E}.Release|x64.ActiveCfg = Release|x64
		{AECBD501-6DE2-4233-BC9E-EC1925F29D2E}.Release|x64.Build.0 = Release|x64
		{AECBD501-6DE2-4233-BC9E-EC1925F29D2E}.Release|x86.ActiveCfg = Release|x64
		{AECBD501-6DE2-4233-BC9E-EC1925F29D2E}.Release|x86.Build.0 = Release|x64
		{C55F0BD4-6CFB-4733-AA68-F01C71B6F50C}.Debug|x64.ActiveCfg = Debug|x64
		{C55F0BD4-6CFB-4733-AA68-F01C71B6F50C}.Debug|x64.Build.0 = Debug|x64
		{C55F0BD4-6CFB-4733-AA68-F01C71B6F50C}.Debug|x86.ActiveCfg = Debug|x64
		{C55F0BD4-6CFB-4733-AA68-F01C71B6F50C}.Debug|x86.Build.0 = Debug|x64
		{C55F0BD4-6CFB-4733-AA68-F01C71B6F50C}.Release|x64.ActiveCfg = Release|x64
		{C55F0BD4-6CFB-4733-AA68-F01C71B6F50C}.Release|x64.Build.0 = Release|x64
		{C55F0BD4-6CFB-4733-AA68-F01C71B6F50C}.Release|x86.ActiveCfg = Release|x64
		{C55F0BD4-6CFB-4733-AA68-F01C71B6F50C}.Release|x86.Build.0 = Release|x64
		{CE622E0A-6AFD-4E42-AC6E-5AB39649F0D0}.Debug|x64.ActiveCfg = Debug|x64
		{CE622E0A-6AFD-4E42-AC6E-5AB39649F0D0}.Debug|x64.Build.0 = Debug|x64
		{CE622E0A-6AFD-4E42-AC6E-5AB39649F0D0}.Debug|x86.ActiveCfg = Debug|x64
		{CE622E0A-6AFD-4E42-AC6E-5AB39649F0D0}.Debug|x86.Build.0 = Debug|x64
		{CE622E0A-6AFD-4E42-AC6E-5AB39649F0D0}.Release|x64.ActiveCfg = Release|x64
		{CE622E0A-6AFD-4E42-AC6E-5AB39649F0D0}.Release|x64.Build.0 = Release|x64
		{CE622E0A-6AFD-4E42-AC6E-5AB39649F0D0}.Release|x86.ActiveCfg = Release|x64
		{CE622E0A-6AFD-4E42-AC6E-5AB39649F0D0}.Release|x86.Build.0 = Release|x64
		{790E7E04-E2FB-4995-9CF0-D49137518E50}.Debug|x64.ActiveCfg = Debug|x64
		{790E7E04-E2FB-4995-9CF0-D49137518E50}.Debug|x64.Build.0 = Debug|x64
		{790E7E04-E2FB-4995-9CF0-D49137518E50}.Debug|x86.ActiveCfg = Debug|x64
		{790E7E04-E2FB-4995-9CF0-D49137518E50}.Debug|x86.Build.0 = Debug|x64
		{790E7E04-E2FB-4995-9CF0-D49137518E50}.Release|x64.ActiveCfg = Release|x64
		{790E7E04-E2FB-4995-9CF0-D49137518E50}.Release|x64.Build.0 = Release|x64
		{790E7E04-E2FB-4995-9CF0-D49137518E50}.Release|x86.ActiveCfg = Release|x64
		{790E7E04-E2FB-4995-9CF0-D49137518E50}.Release|x86.Build.0 = Release|x64
		{E1A14D38-2B41-4DB4-88DC-24E8474DD0D3}.Debug|x64.ActiveCfg = Debug|x64
		{E1A14D38-2B41-4DB4-88DC-24E8474DD0D3}.Debug|x64.Build.0 = Debug|x64
		{E1A14D38-2B41-4DB4-88DC-24E8474DD0D3}.Debug|x86.ActiveCfg = Debug|x64
		{E1A14D38-2B41-4DB4-88DC-24E8474DD0D3}.Debug|x86.Build.0 = Debug|x64
		{E1A14D38-2B41-4DB4-88DC-24E8474DD0D3}.Release|x64.ActiveCfg = Release|x64
		{E1A14D38-2B41-4DB4-88DC-24E8474DD0D3}.Release|x64.Build.0 = Release|x64
		{E1A14D38-2B41-4DB4-88DC-24E8474DD0D3}.Release|x86.ActiveCfg = Release|x64
		{E1A14D38-2B41-4DB4-88DC-24E8474DD0D3}.Release|x86.Build.0 = Release|x64
		{2DD00077-A197-4BBB-8638-28BCAF4BCE32}.Debug|x64.ActiveCfg = Debug|x64
		{2DD00077-A197-4BBB-8638-28BCAF4BCE32}.Debug|x64.Build.0 = Debug|x64
		{2DD00077-A197-4BBB-8638-28BCAF4BCE32}.Debug|x86.ActiveCfg = Debug|x64
		{2DD00077-A197-4BBB-8638-28BCAF4BCE32}.Debug|x86.Build.0 = Debug|x64
		{2DD00077-A197-4BBB-8638-28BCAF4BCE32}.Release|x64.ActiveCfg = Release|x64
		{2DD00077-A197-4BBB-8638-28BCAF4BCE32}.Release|x64.Build.0 = Release|x64
		{2DD00077-A197-4BBB-8638-28BCAF4BCE32}.Release|x86.ActiveCfg = Release|x64
		{2DD00077-A197-4BBB-8638-28BCAF4BCE32}.Release|x86.Build.0 = Release|x64
		{11721828-9AD7-458E-91C0-EE650BB0579D}.Debug|x64.ActiveCfg = Debug|x64
		{11721828-9AD7-458E-91C0-EE650BB0579D}.Debug|x64.Build.0 = Debug|x64
		{11721828-9AD7-458E-91C0-EE650BB0579D}.Debug|x86.ActiveCfg = Debug|x64
		{11721828-9AD7-458E-91C0-EE650BB0579D}.Debug|x86.Build.0 = Debug|x64
		{11721828-9AD7-458E-91C0-EE650BB0579D}.Release|x64.ActiveCfg = Release|x64
		{11721828-9AD7-458E-91C0-EE650BB0579D}.Release|x64.Build.0 = Release|x64
		{11721828-9AD7-458E-91C0-EE650BB0579D}.Release|x86.ActiveCfg = Release|x64
		{11721828-9AD7-458E-91C0-EE650BB0579D}.Release|x86.Build.0 = Release|x64
		{C7808171-6600-4B61-97F3-D4FE95335928}.Debug|x64.ActiveCfg = Debug|x64
		{C7808171-6600-4B61-97F3-D4FE95335928}.Debug|x64.Build.0 = Debug|x64
		{C7808171-6600-4B61-97F3-D4FE95335928}.Debug|x86.ActiveCfg = Debug|x64
		{C7808171-6600-4B61-97F3-D4FE95335928}.Debug|x86.Build.0 = Debug|x64
		{C7808171-6600-4B61-97F3-D4FE95335928}.Release|x64.ActiveCfg = Release|x64
		{C7808171-6600-4B61-97F3-D4FE95335928}.Release|x64.Build.0 = Release|x64
		{C7808171-6600-4B61-97F3-D4FE95335928}.Release|x86.ActiveCfg = Release|x64
		{C7808171-6600-4B61-97F3-D4FE95335928}.Release|x86.Build.0 = Release|x64
		{C2B3E272-6A4F-4632-9C4D-6A7D2E6E2920}.Debug|x64.ActiveCfg = Debug|x64
		{C2B3E272-6A4F-4632-9C4D-6A7D2E6E2920}.Debug|x64.Build.0 = Debug|x64
		{C2B3E272-6A4F-4632-9C4D-6A7D2E6E2920}.Debug|x86.ActiveCfg = Debug|x64
		{C2B3E272-6A4F-4632-9C4D-6A7D2E6E2920}.Debug|x86.Build.0 = Debug|x64
		{C2B3E272-6A4F-4632-9C4D-6A7D2E6E2920}.Release|x64.ActiveCfg = Release|x64
		{C2B3E272-6A4F-4632-9C4D-6A7D2E6E2920}.Release|x64.Build.0 = Release|x64
		{C2B3E272-6A4F-4632-9C4D-6A7D2E6E2920}.Release|x86.ActiveCfg = Release|x64
		{C2B3E272-6A4F-4632-9C4D-6A7D2E6E2920}.Release|x86.Build.0 = Release|x64
		{D29A1390-42FD-4DB0-A40E-224E230C2141}.Debug|x64.ActiveCfg = Debug|x64
		{D29A1390-42FD-4DB0-A40E-224E230C2141}.Debug|x64.Build.0 = Debug|x64
		{D29A1390-42FD-4DB0-A40E-224E230C2141}.Debug|x86.ActiveCfg = Debug|x64
		{D29A1390-42FD-4DB0-A40E-224E230C2141}.Debug|x86.Build.0 = Debug|x64
		{D29A1390-42FD-4DB0-A40E-224E230C2141}.Release|x64.ActiveCfg = Release|x64
		{D29A1390-42FD-4DB0-A40E-224E230C2141}.Release|x64.Build.0 = Release|x64
		{D29A1390-42FD-4DB0-A40E-224E230C2141}.Release|x86.ActiveCfg = Release|x64
		{D29A1390-42FD-4DB0-A40E-224E230C2141}.Release|x86.Build.0 = Release|x64
		{A394DA76-8EE8-413C-8249-A38AF8C456ED}.Debug|x64.ActiveCfg = Debug|x64
		{A394DA76-8EE8-413C-8249-A38AF8C456ED}.Debug|x64.Build.0 = Debug|x64
		{A394DA76-8EE8-413C-8249-A38AF8C456ED}.Debug|x86.ActiveCfg = Debug|x64
		{A394DA76-8EE8-413C-8249-A38AF8C456ED}.Debug|x86.Build.0 = Debug|x64
		{A394DA76-8EE8-413C-8249-A38AF8C456ED}.Release|x64.ActiveCfg = Release|x64
		{A394DA76-8EE8-413C-8249-A38AF8C456ED}.Release|x64.Build.0 = Release|x64
		{A394DA76-8EE8-413C-8249-A38AF8C456ED}.Release|x86.ActiveCfg = Release|x64
		{A394DA76-8EE8-413C-8249-A38AF8C456ED}.Release|x86.Build.0 = Release|x64
		{A7C0EA0B-CA05-400F-8EFC-E1BC889B2DFE}.Debug|x64.ActiveCfg = Debug|x64
		{A7C0EA0B-CA05-400F-8EFC-E1BC889B2DFE}.Debug|x64.Build.0 = Debug|x64
		{A7C0EA0B-CA05-400F-8EFC-E1BC889B2DFE}.Debug|x86.ActiveCfg = Debug|x64
		{A7C0EA0B-CA05-400F-8EFC-E1BC889B2DFE}.Debug|x86.Build.0 = Debug|x64
		{A7C0EA0B-CA05-400F-8EFC-E1BC889B2DFE}.Release|x64.ActiveCfg = Release|x64
		{A7C0EA0B-CA05-400F-8EFC-E1BC889B2DFE}.Release|x64.Build.0 = Release|x64
		{A7C0EA0B-CA05-400F-8EFC-E1BC889B2DFE}.Release|x86.ActiveCfg = Release|x64
		{A7C0EA0B-CA05-400F-8EFC-E1BC889B2DFE}.Release|x86.Build.0 = Release|x64
		{9023DEC6-0AE0-4A69-A174-BB1DDF7D14B1}.Debug|x64.ActiveCfg = Debug|x64
		{9023DEC6-0AE0-4A69-A174-BB1DDF7D14B1}.Debug|x64.Build.0 = Debug|x64
		{9023DEC6-0AE0-4A69-A174-BB1DDF7D14B1}.Debug|x86.ActiveCfg = Debug|x64
		{9023DEC6-0AE0-4A69-A174-BB1DDF7D14B1}.Debug|x86.Build.0 = Debug|x64
		{9023DEC6-0AE0-4A69-A174-BB1DDF7D14B1}.Release|x64.ActiveCfg = Release|x64
		{9023DEC6-0AE0-4A69-A174-BB1DDF7D14B1}.Release|x64.Build.0 = Release|x64
		{9023DEC6-0AE0-4A69-A174-BB1DDF7D14B1}.Release|x86.ActiveCfg = Release|x64
		{9023DEC6-0AE0-4A69-A174-BB1DDF7D14B1}.Release|x86.Build.0 = Release|x64
		{E6724AF4-0D25-448E-9BA4-C0EEB2F205CA}.Debug|x64.ActiveCfg = Debug|x64
		{E6724AF4-0D25-448E-9BA4-C0EEB2F205CA}.Debug|x64.Build.0 = Debug|x64
		{E6724AF4-0D25-448E-9BA4-C0EEB2F205CA}.Debug|x86.ActiveCfg = Debug|x64
		{E6724AF4-0D25-448E-9BA4-C0EEB2F205CA}.Debug|x86.Build.0 = Debug|x64
		{E6724AF4-0D25-448E-9BA4-C0EEB2F205CA}.Release|x64.ActiveCfg = Release|x64
		{E6724AF4-0D25-448E-9BA4-C0EEB2F205CA}.Release|x64.Build.0 = Release|x64
		{E6724AF4-0D25-448E-9BA4-C0EEB2F205CA}.Release|x86.ActiveCfg = Release|x64
		{E6724AF4-0D25-448E-9BA4-C0EEB2F205CA}.Release|x86.Build.0 = Release|x64
		{C49BD8DE-185E-470C-A406-58AD64F34CBB}.Debug|x64.ActiveCfg = Debug|x64
		{C49BD8DE-185E-470C-A406-58AD64F34CBB}.Debug|x64.Build.0 = Debug|x64
		{C49BD8DE-185E-470C-A406-58AD64F34CBB}.Debug|x86.ActiveCfg = Debug|x64
		{C49BD8DE-185E-470C-A406-58AD64F34CBB}.Debug|x86.Build.0 = Debug|x64
		{C49BD8DE-185E-470C-A406-58AD64F34CBB}.Release|x64.ActiveCfg = Release|x64
		{C49BD8DE-185E-470C-A406-58AD64F34CBB}.Release|x64.Build.0 = Release|x64
		{C49BD8DE-185E-470C-A406-58AD64F34CBB}.Release|x86.ActiveCfg = Release|x64
		{C49BD8DE-185E-470C-A406-58AD64F34CBB}.Release|x86.Build.0 = Release|x64
		{35FF93EC-CBE5-4AD1-B662-604E7CB9DDDC}.Debug|x64.ActiveCfg = Debug|x64
		{35FF93EC-CBE5-4AD1-B662-604E7CB9DDDC}.Debug|x64.Build.0 = Debug|x64
		{35FF93EC-CBE5-4AD1-B662-604E7CB9DDDC}.Debug|x86.ActiveCfg = Debug|x64
		{35FF93EC-CBE5-4AD1-B662-604E7CB9DDDC}.Debug|x86.Build.0 = Debug|x64
		{35FF93EC-CBE5-4AD1-B662-604E7CB9DDDC}.Release|x64.ActiveCfg = Release|x64
		{35FF93EC-CBE5-4AD1-B662-604E7CB9DDDC}.Release|x64.Build.0 = Release|x64
		{35FF93EC-CBE5-4AD1-B662-604E7CB9DDDC}.Release|x86.ActiveCfg = Release|x64
		{35FF93EC-CBE5-4AD1-B662-604E7CB9DDDC}.Release|x86.Build.0 = Release|x64
		{2FF45015-8C4F-4445-A690-A6237D6C71BD}.Debug|x64.ActiveCfg = Debug|x64
		{2FF45015-8C4F-4445-A690-A6237D6C71BD}.Debug|x64.Build.0 = Debug|x64
		{2FF45015-8C4F-4445-A690-A6237D6C71BD}.Debug|x86.ActiveCfg = Debug|x64
		{2FF45015-8C4F-4445-A690-A6237D6C71BD}.Debug|x86.Build.0 = Debug|x64
		{2FF45015-8C4F-4445-A690-A6237D6C71BD}.Release|x64.ActiveCfg = Release|x64
		{2FF45015-8C4F-4445-A690-A6237D6C71BD}.Release|x64.Build.0 = Release|x64
		{2FF45015-8C4F-4445-A690-A6237D6C71BD}.Release|x86.ActiveCfg = Release|x64
		{2FF45015-8C4F-4445-A690-A6237D6C71BD}.Release|x86.Build.0 = Release|x64
		{BC84B806-6EBD-48F9-82E2-B2AA8CC12FE4}.Debug|x64.ActiveCfg = Debug|x64
		{BC84B806-6EBD-48F9-82E2-B2AA8CC12FE4}.Debug|x64.Build.0 = Debug|x64
		{BC84B806-6EBD-48F9-82E2-B2AA8CC12FE4}.Debug|x86.ActiveCfg = Debug|x64
		{BC84B806-6EBD-48F9-82E2-B2AA8CC12FE4}.Debug|x86.Build.0 = Debug|x64
		{BC84B806-6EBD-48F9-82E2-B2AA8CC12FE4}.Release|x64.ActiveCfg = Release|x64
		{BC84B806-6EBD-48F9-82E2-B2AA8CC12FE4}.Release|x64.Build.0 = Release|x64
		{BC84B806-6EBD-48F9-82E2-B2AA8CC12FE4}.Release|x86.ActiveCfg = Release|x64
		{BC84B806-6EBD-48F9-82E2-B2AA8CC12FE4}.Release|x86.Build.0 = Release|x64
		{A52F1362-0F65-4E4A-BF61-FDD3193D9E04}.Debug|x64.ActiveCfg = Debug|x64
		{A52F1362-0F65-4E4A-BF61-FDD3193D9E04}.Debug|x64.Build.0 = Debug|x64
		{A52F1362-0F65-4E4A-BF61-FDD3193D9E04}.Debug|x86.ActiveCfg = Debug|x64
		{A52F1362-0F65-4E4A-BF61-FDD3193D9E04}.Debug|x86.Build.0 = Debug|x64
		{A52F1362-0F65-4E4A-BF61-FDD3193D9E04}.Release|x64.ActiveCfg = Release|x64
		{A52F1362-0F65-4E4A-BF61-FDD3193D9E04}.Release|x64.Build.0 = Release|x64
		{A52F1362-0F65-4E4A-BF61-FDD3193D9E04}.Release|x86.ActiveCfg = Release|x64
		{A52F1362-0F65-4E4A-BF61-FDD3193D9E04}.Release|x86.Build.0 = Release|x64
		{337330A6-7350-4574-8A0B-0B3D35C61782}.Debug|x64.ActiveCfg = Debug|x64
		{337330A6-7350-4574-8A0B-0B3D35C61782}.Debug|x64.Build.0 = Debug|x64
		{337330A6-7350-4574-8A0B-0B3D35C61782}.Debug|x86.ActiveCfg = Debug|x64
		{337330A6-7350-4574-8A0B-0B3D35C61782}.Debug|x86.Build.0 = Debug|x64
		{337330A6-7350-4574-8A0B-0B3D35C61782}.Release|x64.ActiveCfg = Release|x64
		{337330A6-7350-4574-8A0B-0B3D35C61782}.Release|x64.Build.0 = Release|x64
		{337330A6-7350-4574-8A0B-0B3D35C61782}.Release|x86.ActiveCfg = Release|x64
		{337330A6-7350-4574-8A0B-0B3D35C61782}.Release|x86.Build.0 = Release|x64
		{CAB697A4-CD19-43BA-9287-E1C5CF064333}.Debug|x64.ActiveCfg = Debug|x64
		{CAB697A4-CD19-43BA-9287-E1C5CF064333}.Debug|x64.Build.0 = Debug|x64
		{CAB697A4-CD19-43BA-9287-E1C5CF064333}.Debug|x86.ActiveCfg = Debug|x64
		{CAB697A4-CD19-43BA-9287-E1C5CF064333}.Debug|x86.Build.0 = Debug|x64
		{CAB697A4-CD19-43BA-9287-E1C5CF064333}.Release|x64.ActiveCfg = Release|x64
		{CAB697A4-CD19-43BA-9287-E1C5CF064333}.Release|x64.Build.0 = Release|x64
		{CAB697A4-CD19-43BA-9287-E1C5CF064333}.Release|x86.ActiveCfg = Release|x64
		{CAB697A4-CD19-43BA-9287-E1C5CF064333}.Release|x86.Build.0 = Release|x64
		{BAB697A4-CD19-43BA-9287-E1C5CF064333}.Debug|x64.ActiveCfg = Debug|x64
		{BAB697A4-CD19-43BA-9287-E1C5CF064333}.Debug|x64.Build.0 = Debug|x64
		{BAB697A4-CD19-43BA-9287-E1C5CF064333}.Debug|x86.ActiveCfg = Debug|x64
		{BAB697A4-CD19-43BA-9287-E1C5CF064333}.Debug|x86.Build.0 = Debug|x64
		{BAB697A4-CD19-43BA-9287-E1C5CF064333}.Release|x64.ActiveCfg = Release|x64
		{BAB697A4-CD19-43BA-9287-E1C5CF064333}.Release|x64.Build.0 = Release|x64
		{BAB697A4-CD19-43BA-9287-E1C5CF064333}.Release|x86.ActiveCfg = Release|x64
		{BAB697A4-CD19-43BA-9287-E1C5CF064333}.Release|x86.Build.0 = Release|x64
		{FF94951A-6DCD-43DB-A438-D756EB74E0B1}.Debug|x64.ActiveCfg = Debug|x64
		{FF94951A-6DCD-43DB-A438-D756EB74E0B1}.Debug|x64.Build.0 = Debug|x64
		{FF94951A-6DCD-43DB-A438-D756EB74E0B1}.Debug|x86.ActiveCfg = Debug|x64
		{FF94951A-6DCD-43DB-A438-D756EB74E0B1}.Debug|x86.Build.0 = Debug|x64
		{FF94951A-6DCD-43DB-A438-D756EB74E0B1}.Release|x64.ActiveCfg = Release|x64
		{FF94951A-6DCD-43DB-A438-D756EB74E0B1}.Release|x64.Build.0 = Release|x64
		{FF94951A-6DCD-43DB-A438-D756EB74E0B1}.Release|x86.ActiveCfg = Release|x64
		{FF94951A-6DCD-43DB-A438-D756EB74E0B1}.Release|x86.Build.0 = Release|x64
		{A8226B9F-5FE7-4987-8C5B-30E5BE937959}.Debug|x64.ActiveCfg = Debug|x64
		{A8226B9F-5FE7-4987-8C5B-30E5BE937959}.Debug|x64.Build.0 = Debug|x64
		{A8226B9F-5FE7-4987-8C5B-30E5BE937959}.Debug|x86.ActiveCfg = Debug|Win32
		{A8226B9F-5FE7-4987-8C5B-30E5BE937959}.Debug|x86.Build.0 = Debug|Win32
		{A8226B9F-5FE7-4987-8C5B-30E5BE937959}.Release|x64.ActiveCfg = Release|x64
		{A8226B9F-5FE7-4987-8C5B-30E5BE937959}.Release|x64.Build.0 = Release|x64
		{A8226B9F-5FE7-4987-8C5B-30E5BE937959}.Release|x86.ActiveCfg = Release|Win32
		{A8226B9F-5FE7-4987-8C5B-30E5BE937959}.Release|x86.Build.0 = Release|Win32
		{C7DC6C34-5E28-416A-B8C4-D05FFE67BD3A}.Debug|x64.ActiveCfg = Debug|x64
		{C7DC6C34-5E28-416A-B8C4-D05FFE67BD3A}.Debug|x64.Build.0 = Debug|x64
		{C7DC6C34-5E28-416A-B8C4-D05FFE67BD3A}.Debug|x86.ActiveCfg = Debug|Win32
		{C7DC6C34-5E28-416A-B8C4-D05FFE67BD3A}.Debug|x86.Build.0 = Debug|Win32
		{C7DC6C34-5E28-416A-B8C4-D05FFE67BD3A}.Release|x64.ActiveCfg = Release|x64
		{C7DC6C34-5E28-416A-B8C4-D05FFE67BD3A}.Release|x64.Build.0 = Release|x64
		{C7DC6C34-5E28-416A-B8C4-D05FFE67BD3A}.Release|x86.ActiveCfg = Release|Win32
		{C7DC6C34-5E28-416A-B8C4-D05FFE67BD3A}.Release|x86.Build.0 = Release|Win32
		{2C8E5F43-6648-4738-BA5B-7927075A70E6}.Debug|x64.ActiveCfg = Debug|x64
		{2C8E5F43-6648-4738-BA5B-7927075A70E6}.Debug|x64.Build.0 = Debug|x64
		{2C8E5F43-6648-4738-BA5B-7927075A70E6}.Debug|x86.ActiveCfg = Debug|Win32
		{2C8E5F43-6648-4738-BA5B-7927075A70E6}.Debug|x86.Build.0 = Debug|Win32
		{2C8E5F43-6648-4738-BA5B-7927075A70E6}.Release|x64.ActiveCfg = Release|x64
		{2C8E5F43-6648-4738-BA5B-7927075A70E6}.Release|x64.Build.0 = Release|x64
		{2C8E5F43-6648-4738-BA5B-7927075A70E6}.Release|x86.ActiveCfg = Release|Win32
		{2C8E5F43-6648-4738-BA5B-7927075A70E6}.Release|x86.Build.0 = Release|Win32
		{33B4BCD1-12E2-471F-B9CF-F4E59BD97811}.Debug|x64.ActiveCfg = Debug|x64
		{33B4BCD1-12E2-471F-B9CF-F4E59BD97811}.Debug|x64.Build.0 = Debug|x64
		{33B4BCD1-12E2-471F-B9CF-F4E59BD97811}.Debug|x86.ActiveCfg = Debug|Win32
		{33B4BCD1-12E2-471F-B9CF-F4E59BD97811}.Debug|x86.Build.0 = Debug|Win32
		{33B4BCD1-12E2-471F-B9CF-F4E59BD97811}.Release|x64.ActiveCfg = Release|x64
		{33B4BCD1-12E2-471F-B9CF-F4E59BD97811}.Release|x64.Build.0 = Release|x64
		{33B4BCD1-12E2-471F-B9CF-F4E59BD97811}.Release|x86.ActiveCfg = Release|Win32
		{33B4BCD1-12E2-471F-B9CF-F4E59BD97811}.Release|x86.Build.0 = Release|Win32
	EndGlobalSection
	GlobalSection(SolutionProperties) = preSolution
		HideSolutionNode = FALSE
	EndGlobalSection
	GlobalSection(NestedProjects) = preSolution
		{A5BDC7D4-9B0B-4A00-ACE9-DC79533ECDF0} = {7A5B1B06-70BC-45D2-A6ED-8EB39A8E1819}
		{5DAD3096-4350-45BE-99A5-20E372CAF5DE} = {7A5B1B06-70BC-45D2-A6ED-8EB39A8E1819}
		{0FFE8F9E-CC6E-46B4-9D21-2CBB8CD27114} = {7A5B1B06-70BC-45D2-A6ED-8EB39A8E1819}
		{AECBD501-6DE2-4233-BC9E-EC1925F29D2E} = {7A5B1B06-70BC-45D2-A6ED-8EB39A8E1819}
		{C55F0BD4-6CFB-4733-AA68-F01C71B6F50C} = {7A5B1B06-70BC-45D2-A6ED-8EB39A8E1819}
		{CE622E0A-6AFD-4E42-AC6E-5AB39649F0D0} = {7A5B1B06-70BC-45D2-A6ED-8EB39A8E1819}
		{790E7E04-E2FB-4995-9CF0-D49137518E50} = {7A5B1B06-70BC-45D2-A6ED-8EB39A8E1819}
		{E1A14D38-2B41-4DB4-88DC-24E8474DD0D3} = {7A5B1B06-70BC-45D2-A6ED-8EB39A8E1819}
		{2DD00077-A197-4BBB-8638-28BCAF4BCE32} = {7A5B1B06-70BC-45D2-A6ED-8EB39A8E1819}
		{11721828-9AD7-458E-91C0-EE650BB0579D} = {7A5B1B06-70BC-45D2-A6ED-8EB39A8E1819}
		{C7808171-6600-4B61-97F3-D4FE95335928} = {7A5B1B06-70BC-45D2-A6ED-8EB39A8E1819}
		{C2B3E272-6A4F-4632-9C4D-6A7D2E6E2920} = {7A5B1B06-70BC-45D2-A6ED-8EB39A8E1819}
		{D29A1390-42FD-4DB0-A40E-224E230C2141} = {7A5B1B06-70BC-45D2-A6ED-8EB39A8E1819}
		{A394DA76-8EE8-413C-8249-A38AF8C456ED} = {7A5B1B06-70BC-45D2-A6ED-8EB39A8E1819}
		{A7C0EA0B-CA05-400F-8EFC-E1BC889B2DFE} = {7A5B1B06-70BC-45D2-A6ED-8EB39A8E1819}
		{9023DEC6-0AE0-4A69-A174-BB1DDF7D14B1} = {7A5B1B06-70BC-45D2-A6ED-8EB39A8E1819}
		{E6724AF4-0D25-448E-9BA4-C0EEB2F205CA} = {7A5B1B06-70BC-45D2-A6ED-8EB39A8E1819}
		{C49BD8DE-185E-470C-A406-58AD64F34CBB} = {7A5B1B06-70BC-45D2-A6ED-8EB39A8E1819}
		{35FF93EC-CBE5-4AD1-B662-604E7CB9DDDC} = {7A5B1B06-70BC-45D2-A6ED-8EB39A8E1819}
		{2FF45015-8C4F-4445-A690-A6237D6C71BD} = {7A5B1B06-70BC-45D2-A6ED-8EB39A8E1819}
		{BC84B806-6EBD-48F9-82E2-B2AA8CC12FE4} = {7A5B1B06-70BC-45D2-A6ED-8EB39A8E1819}
		{A52F1362-0F65-4E4A-BF61-FDD3193D9E04} = {7A5B1B06-70BC-45D2-A6ED-8EB39A8E1819}
		{337330A6-7350-4574-8A0B-0B3D35C61782} = {7A5B1B06-70BC-45D2-A6ED-8EB39A8E1819}
		{FF94951A-6DCD-43DB-A438-D756EB74E0B1} = {7A5B1B06-70BC-45D2-A6ED-8EB39A8E1819}
		{A8226B9F-5FE7-4987-8C5B-30E5BE937959} = {7A5B1B06-70BC-45D2-A6ED-8EB39A8E1819}
		{C7DC6C34-5E28-416A-B8C4-D05FFE67BD3A} = {7A5B1B06-70BC-45D2-A6ED-8EB39A8E1819}
		{2C8E5F43-6648-4738-BA5B-7927075A70E6} = {7A5B1B06-70BC-45D2-A6ED-8EB39A8E1819}
		{33B4BCD1-12E2-471F-B9CF-F4E59BD97811} = {7A5B1B06-70BC-45D2-A6ED-8EB39A8E1819}
	EndGlobalSection
	GlobalSection(ExtensibilityGlobals) = postSolution
		SolutionGuid = {704FB6BE-4D8F-43D8-B5A7-CD1207A36EF9}
	EndGlobalSection
	GlobalSection(DPCodeReviewSolutionGUID) = preSolution
		DPCodeReviewSolutionGUID = {00000000-0000-0000-0000-000000000000}
	EndGlobalSection
EndGlobal
