
Microsoft Visual Studio Solution File, Format Version 12.00
# Visual Studio Version 17
VisualStudioVersion = 17.4.33205.214
MinimumVisualStudioVersion = 10.0.40219.1
Project("{8BC9CEB8-8B4A-11D0-8D11-00A0C91BC942}") = "AkelPad", "AkelPad-src\AkelPad.vcxproj", "{F7AC2441-AEC6-4201-B4BC-574B7787BDBC}"
	ProjectSection(ProjectDependencies) = postProject
		{39617A00-DD13-4B72-9E1D-D01934EFD3AE} = {39617A00-DD13-4B72-9E1D-D01934EFD3AE}
		{531CE000-C40E-4FA6-8004-94FC853CFBE9} = {531CE000-C40E-4FA6-8004-94FC853CFBE9}
		{FF94951A-6DCD-43DB-A438-D756EB74E0B1} = {FF94951A-6DCD-43DB-A438-D756EB74E0B1}
		{0C680429-EDE0-492B-9EA2-DEB79AD672C5} = {0C680429-EDE0-492B-9EA2-DEB79AD672C5}
		{0F830230-444A-4B76-97C5-5EDF8FAD6EC0} = {0F830230-444A-4B76-97C5-5EDF8FAD6EC0}
		{8367F834-C483-468B-BBF9-51D1463B7454} = {8367F834-C483-468B-BBF9-51D1463B7454}
		{E6954C42-F9EF-4228-894B-5805DF1DF73B} = {E6954C42-F9EF-4228-894B-5805DF1DF73B}
		{6BA63F51-F323-44FE-86DA-08A999AE9C45} = {6BA63F51-F323-44FE-86DA-08A999AE9C45}
		{87C8E063-E6EA-40F5-A697-427A6BFA04E7} = {87C8E063-E6EA-40F5-A697-427A6BFA04E7}
		{0F373C64-073E-4C5D-B0AD-915B768D70E5} = {0F373C64-073E-4C5D-B0AD-915B768D70E5}
		{3B139484-AB69-4F91-8722-02923B478BEF} = {3B139484-AB69-4F91-8722-02923B478BEF}
		{A3821C89-B61C-45ED-9D91-FC0C81DF6FB2} = {A3821C89-B61C-45ED-9D91-FC0C81DF6FB2}
		{AC0E77A1-EAD4-4C13-9E65-9CCE63E1B737} = {AC0E77A1-EAD4-4C13-9E65-9CCE63E1B737}
		{BAB697A4-CD19-43BA-9287-E1C5CF064333} = {BAB697A4-CD19-43BA-9287-E1C5CF064333}
		{CAB697A4-CD19-43BA-9287-E1C5CF064333} = {CAB697A4-CD19-43BA-9287-E1C5CF064333}
		{EA4D8AAB-64D2-438C-A4EF-E8B2DB30B18E} = {EA4D8AAB-64D2-438C-A4EF-E8B2DB30B18E}
		{8D3EEEAB-269B-439F-BEE8-D9FDE652820F} = {8D3EEEAB-269B-439F-BEE8-D9FDE652820F}
		{334B5CB9-4680-4A4B-B859-98397BB9B69B} = {334B5CB9-4680-4A4B-B859-98397BB9B69B}
		{9F64C8CD-239B-4609-B657-853C1B188FE4} = {9F64C8CD-239B-4609-B657-853C1B188FE4}
		{018495D2-8EBA-42D2-A24D-EEA3297FB271} = {018495D2-8EBA-42D2-A24D-EEA3297FB271}
	EndProjectSection
EndProject
Project("{8BC9CEB8-8B4A-11D0-8D11-00A0C91BC942}") = "Coder", "plugs\Coder\Source\Coder.vcxproj", "{A3821C89-B61C-45ED-9D91-FC0C81DF6FB2}"
EndProject
Project("{8BC9CEB8-8B4A-11D0-8D11-00A0C91BC942}") = "Fonts", "plugs\Fonts\Source\Fonts.vcxproj", "{334B5CB9-4680-4A4B-B859-98397BB9B69B}"
EndProject
Project("{8BC9CEB8-8B4A-11D0-8D11-00A0C91BC942}") = "AkelAdmin", "AkelPad-src\AkelAdmin\AkelAdmin.vcxproj", "{BAB697A4-CD19-43BA-9287-E1C5CF064333}"
EndProject
Project("{8BC9CEB8-8B4A-11D0-8D11-00A0C91BC942}") = "Redirect", "AkelPad-src\Redirect\Redirect.vcxproj", "{CAB697A4-CD19-43BA-9287-E1C5CF064333}"
EndProject
Project("{8BC9CEB8-8B4A-11D0-8D11-00A0C91BC942}") = "AkelDLL", "AkelPad-src\AkelFiles\Plugs\AkelDLL\AkelDLL.vcxproj", "{EA4D8AAB-64D2-438C-A4EF-E8B2DB30B18E}"
EndProject
Project("{8BC9CEB8-8B4A-11D0-8D11-00A0C91BC942}") = "English", "AkelPad-src\AkelFiles\Langs\English.vcxproj", "{0F373C64-073E-4C5D-B0AD-915B768D70E5}"
EndProject
Project("{2150E333-8FDC-42A3-9474-1A3956D46DE8}") = "language", "language", "{876B0834-FA1C-432D-8496-453AEAFDDEA6}"
EndProject
Project("{2150E333-8FDC-42A3-9474-1A3956D46DE8}") = "plugs", "plugs", "{748A5531-1207-40B6-B85B-1756883B73E2}"
EndProject
Project("{8BC9CEB8-8B4A-11D0-8D11-00A0C91BC942}") = "Scripts", "plugs\Scripts\Source\Scripts.vcxproj", "{0C680429-EDE0-492B-9EA2-DEB79AD672C5}"
EndProject
Project("{8BC9CEB8-8B4A-11D0-8D11-00A0C91BC942}") = "ContextMenu", "plugs\ContextMenu\Source\ContextMenu.vcxproj", "{8D3EEEAB-269B-439F-BEE8-D9FDE652820F}"
EndProject
Project("{8BC9CEB8-8B4A-11D0-8D11-00A0C91BC942}") = "ToolBar", "plugs\ToolBar\Source\ToolBar.vcxproj", "{39617A00-DD13-4B72-9E1D-D01934EFD3AE}"
EndProject
Project("{8BC9CEB8-8B4A-11D0-8D11-00A0C91BC942}") = "Exit", "plugs\Exit\Source\Exit.vcxproj", "{0F830230-444A-4B76-97C5-5EDF8FAD6EC0}"
EndProject
Project("{8BC9CEB8-8B4A-11D0-8D11-00A0C91BC942}") = "Format", "plugs\Format\Source\Format.vcxproj", "{AC0E77A1-EAD4-4C13-9E65-9CCE63E1B737}"
EndProject
Project("{8BC9CEB8-8B4A-11D0-8D11-00A0C91BC942}") = "FullScreen", "plugs\FullScreen\Source\FullScreen.vcxproj", "{3B139484-AB69-4F91-8722-02923B478BEF}"
EndProject
Project("{8BC9CEB8-8B4A-11D0-8D11-00A0C91BC942}") = "Hotkeys", "plugs\Hotkeys\Source\Hotkeys.vcxproj", "{8367F834-C483-468B-BBF9-51D1463B7454}"
EndProject
Project("{8BC9CEB8-8B4A-11D0-8D11-00A0C91BC942}") = "LineBoard", "plugs\LineBoard\Source\LineBoard.vcxproj", "{6BA63F51-F323-44FE-86DA-08A999AE9C45}"
EndProject
Project("{8BC9CEB8-8B4A-11D0-8D11-00A0C91BC942}") = "Scroll", "plugs\Scroll\Source\Scroll.vcxproj", "{87C8E063-E6EA-40F5-A697-427A6BFA04E7}"
EndProject
Project("{8BC9CEB8-8B4A-11D0-8D11-00A0C91BC942}") = "SmartSel", "plugs\SmartSel\Source\SmartSel.vcxproj", "{018495D2-8EBA-42D2-A24D-EEA3297FB271}"
EndProject
Project("{8BC9CEB8-8B4A-11D0-8D11-00A0C91BC942}") = "SpecialChar", "plugs\SpecialChar\Source\SpecialChar.vcxproj", "{E6954C42-F9EF-4228-894B-5805DF1DF73B}"
EndProject
Project("{8BC9CEB8-8B4A-11D0-8D11-00A0C91BC942}") = "Speech", "plugs\Speech\Source\Speech.vcxproj", "{FF94951A-6DCD-43DB-A438-D756EB74E0B1}"
EndProject
Project("{8BC9CEB8-8B4A-11D0-8D11-00A0C91BC942}") = "Stats", "plugs\Stats\Source\Stats.vcxproj", "{531CE000-C40E-4FA6-8004-94FC853CFBE9}"
EndProject
Project("{8BC9CEB8-8B4A-11D0-8D11-00A0C91BC942}") = "akeledit", "akelpad-src\AkelEdit\akeledit.vcxproj", "{9F64C8CD-239B-4609-B657-853C1B188FE4}"
EndProject
Global
	GlobalSection(SolutionConfigurationPlatforms) = preSolution
		Debug|x64 = Debug|x64
		Release|x64 = Release|x64
	EndGlobalSection
	GlobalSection(ProjectConfigurationPlatforms) = postSolution
		{F7AC2441-AEC6-4201-B4BC-574B7787BDBC}.Debug|x64.ActiveCfg = Debug|x64
		{F7AC2441-AEC6-4201-B4BC-574B7787BDBC}.Debug|x64.Build.0 = Debug|x64
		{F7AC2441-AEC6-4201-B4BC-574B7787BDBC}.Release|x64.ActiveCfg = Release|x64
		{F7AC2441-AEC6-4201-B4BC-574B7787BDBC}.Release|x64.Build.0 = Release|x64
		{A3821C89-B61C-45ED-9D91-FC0C81DF6FB2}.Debug|x64.ActiveCfg = Debug|x64
		{A3821C89-B61C-45ED-9D91-FC0C81DF6FB2}.Debug|x64.Build.0 = Debug|x64
		{A3821C89-B61C-45ED-9D91-FC0C81DF6FB2}.Release|x64.ActiveCfg = Release|x64
		{A3821C89-B61C-45ED-9D91-FC0C81DF6FB2}.Release|x64.Build.0 = Release|x64
		{334B5CB9-4680-4A4B-B859-98397BB9B69B}.Debug|x64.ActiveCfg = Debug|x64
		{334B5CB9-4680-4A4B-B859-98397BB9B69B}.Debug|x64.Build.0 = Debug|x64
		{334B5CB9-4680-4A4B-B859-98397BB9B69B}.Release|x64.ActiveCfg = Release|x64
		{334B5CB9-4680-4A4B-B859-98397BB9B69B}.Release|x64.Build.0 = Release|x64
		{BAB697A4-CD19-43BA-9287-E1C5CF064333}.Debug|x64.ActiveCfg = Debug|x64
		{BAB697A4-CD19-43BA-9287-E1C5CF064333}.Debug|x64.Build.0 = Debug|x64
		{BAB697A4-CD19-43BA-9287-E1C5CF064333}.Release|x64.ActiveCfg = Release|x64
		{BAB697A4-CD19-43BA-9287-E1C5CF064333}.Release|x64.Build.0 = Release|x64
		{CAB697A4-CD19-43BA-9287-E1C5CF064333}.Debug|x64.ActiveCfg = Debug|x64
		{CAB697A4-CD19-43BA-9287-E1C5CF064333}.Debug|x64.Build.0 = Debug|x64
		{CAB697A4-CD19-43BA-9287-E1C5CF064333}.Release|x64.ActiveCfg = Release|x64
		{CAB697A4-CD19-43BA-9287-E1C5CF064333}.Release|x64.Build.0 = Release|x64
		{EA4D8AAB-64D2-438C-A4EF-E8B2DB30B18E}.Debug|x64.ActiveCfg = Debug|x64
		{EA4D8AAB-64D2-438C-A4EF-E8B2DB30B18E}.Debug|x64.Build.0 = Debug|x64
		{EA4D8AAB-64D2-438C-A4EF-E8B2DB30B18E}.Release|x64.ActiveCfg = Release|x64
		{EA4D8AAB-64D2-438C-A4EF-E8B2DB30B18E}.Release|x64.Build.0 = Release|x64
		{0F373C64-073E-4C5D-B0AD-915B768D70E5}.Debug|x64.ActiveCfg = Debug|x64
		{0F373C64-073E-4C5D-B0AD-915B768D70E5}.Debug|x64.Build.0 = Debug|x64
		{0F373C64-073E-4C5D-B0AD-915B768D70E5}.Release|x64.ActiveCfg = Release|x64
		{0F373C64-073E-4C5D-B0AD-915B768D70E5}.Release|x64.Build.0 = Release|x64
		{0C680429-EDE0-492B-9EA2-DEB79AD672C5}.Debug|x64.ActiveCfg = Debug|x64
		{0C680429-EDE0-492B-9EA2-DEB79AD672C5}.Debug|x64.Build.0 = Debug|x64
		{0C680429-EDE0-492B-9EA2-DEB79AD672C5}.Release|x64.ActiveCfg = Release|x64
		{0C680429-EDE0-492B-9EA2-DEB79AD672C5}.Release|x64.Build.0 = Release|x64
		{8D3EEEAB-269B-439F-BEE8-D9FDE652820F}.Debug|x64.ActiveCfg = Debug|x64
		{8D3EEEAB-269B-439F-BEE8-D9FDE652820F}.Debug|x64.Build.0 = Debug|x64
		{8D3EEEAB-269B-439F-BEE8-D9FDE652820F}.Release|x64.ActiveCfg = Release|x64
		{8D3EEEAB-269B-439F-BEE8-D9FDE652820F}.Release|x64.Build.0 = Release|x64
		{39617A00-DD13-4B72-9E1D-D01934EFD3AE}.Debug|x64.ActiveCfg = Debug|x64
		{39617A00-DD13-4B72-9E1D-D01934EFD3AE}.Debug|x64.Build.0 = Debug|x64
		{39617A00-DD13-4B72-9E1D-D01934EFD3AE}.Release|x64.ActiveCfg = Release|x64
		{39617A00-DD13-4B72-9E1D-D01934EFD3AE}.Release|x64.Build.0 = Release|x64
		{0F830230-444A-4B76-97C5-5EDF8FAD6EC0}.Debug|x64.ActiveCfg = Debug|x64
		{0F830230-444A-4B76-97C5-5EDF8FAD6EC0}.Debug|x64.Build.0 = Debug|x64
		{0F830230-444A-4B76-97C5-5EDF8FAD6EC0}.Release|x64.ActiveCfg = Release|x64
		{0F830230-444A-4B76-97C5-5EDF8FAD6EC0}.Release|x64.Build.0 = Release|x64
		{AC0E77A1-EAD4-4C13-9E65-9CCE63E1B737}.Debug|x64.ActiveCfg = Debug|x64
		{AC0E77A1-EAD4-4C13-9E65-9CCE63E1B737}.Debug|x64.Build.0 = Debug|x64
		{AC0E77A1-EAD4-4C13-9E65-9CCE63E1B737}.Release|x64.ActiveCfg = Release|x64
		{AC0E77A1-EAD4-4C13-9E65-9CCE63E1B737}.Release|x64.Build.0 = Release|x64
		{3B139484-AB69-4F91-8722-02923B478BEF}.Debug|x64.ActiveCfg = Debug|x64
		{3B139484-AB69-4F91-8722-02923B478BEF}.Debug|x64.Build.0 = Debug|x64
		{3B139484-AB69-4F91-8722-02923B478BEF}.Release|x64.ActiveCfg = Release|x64
		{3B139484-AB69-4F91-8722-02923B478BEF}.Release|x64.Build.0 = Release|x64
		{8367F834-C483-468B-BBF9-51D1463B7454}.Debug|x64.ActiveCfg = Debug|x64
		{8367F834-C483-468B-BBF9-51D1463B7454}.Debug|x64.Build.0 = Debug|x64
		{8367F834-C483-468B-BBF9-51D1463B7454}.Release|x64.ActiveCfg = Release|x64
		{8367F834-C483-468B-BBF9-51D1463B7454}.Release|x64.Build.0 = Release|x64
		{6BA63F51-F323-44FE-86DA-08A999AE9C45}.Debug|x64.ActiveCfg = Debug|x64
		{6BA63F51-F323-44FE-86DA-08A999AE9C45}.Debug|x64.Build.0 = Debug|x64
		{6BA63F51-F323-44FE-86DA-08A999AE9C45}.Release|x64.ActiveCfg = Release|x64
		{6BA63F51-F323-44FE-86DA-08A999AE9C45}.Release|x64.Build.0 = Release|x64
		{87C8E063-E6EA-40F5-A697-427A6BFA04E7}.Debug|x64.ActiveCfg = Debug|x64
		{87C8E063-E6EA-40F5-A697-427A6BFA04E7}.Debug|x64.Build.0 = Debug|x64
		{87C8E063-E6EA-40F5-A697-427A6BFA04E7}.Release|x64.ActiveCfg = Release|x64
		{87C8E063-E6EA-40F5-A697-427A6BFA04E7}.Release|x64.Build.0 = Release|x64
		{018495D2-8EBA-42D2-A24D-EEA3297FB271}.Debug|x64.ActiveCfg = Debug|x64
		{018495D2-8EBA-42D2-A24D-EEA3297FB271}.Debug|x64.Build.0 = Debug|x64
		{018495D2-8EBA-42D2-A24D-EEA3297FB271}.Release|x64.ActiveCfg = Release|x64
		{018495D2-8EBA-42D2-A24D-EEA3297FB271}.Release|x64.Build.0 = Release|x64
		{E6954C42-F9EF-4228-894B-5805DF1DF73B}.Debug|x64.ActiveCfg = Debug|x64
		{E6954C42-F9EF-4228-894B-5805DF1DF73B}.Debug|x64.Build.0 = Debug|x64
		{E6954C42-F9EF-4228-894B-5805DF1DF73B}.Release|x64.ActiveCfg = Release|x64
		{E6954C42-F9EF-4228-894B-5805DF1DF73B}.Release|x64.Build.0 = Release|x64
		{FF94951A-6DCD-43DB-A438-D756EB74E0B1}.Debug|x64.ActiveCfg = Debug|x64
		{FF94951A-6DCD-43DB-A438-D756EB74E0B1}.Debug|x64.Build.0 = Debug|x64
		{FF94951A-6DCD-43DB-A438-D756EB74E0B1}.Release|x64.ActiveCfg = Release|x64
		{FF94951A-6DCD-43DB-A438-D756EB74E0B1}.Release|x64.Build.0 = Release|x64
		{531CE000-C40E-4FA6-8004-94FC853CFBE9}.Debug|x64.ActiveCfg = Debug|x64
		{531CE000-C40E-4FA6-8004-94FC853CFBE9}.Debug|x64.Build.0 = Debug|x64
		{531CE000-C40E-4FA6-8004-94FC853CFBE9}.Release|x64.ActiveCfg = Release|x64
		{531CE000-C40E-4FA6-8004-94FC853CFBE9}.Release|x64.Build.0 = Release|x64
		{9F64C8CD-239B-4609-B657-853C1B188FE4}.Debug|x64.ActiveCfg = Debug|x64
		{9F64C8CD-239B-4609-B657-853C1B188FE4}.Debug|x64.Build.0 = Debug|x64
		{9F64C8CD-239B-4609-B657-853C1B188FE4}.Release|x64.ActiveCfg = Release|x64
		{9F64C8CD-239B-4609-B657-853C1B188FE4}.Release|x64.Build.0 = Release|x64
	EndGlobalSection
	GlobalSection(SolutionProperties) = preSolution
		HideSolutionNode = FALSE
	EndGlobalSection
	GlobalSection(NestedProjects) = preSolution
		{A3821C89-B61C-45ED-9D91-FC0C81DF6FB2} = {748A5531-1207-40B6-B85B-1756883B73E2}
		{334B5CB9-4680-4A4B-B859-98397BB9B69B} = {748A5531-1207-40B6-B85B-1756883B73E2}
		{0F373C64-073E-4C5D-B0AD-915B768D70E5} = {876B0834-FA1C-432D-8496-453AEAFDDEA6}
		{0C680429-EDE0-492B-9EA2-DEB79AD672C5} = {748A5531-1207-40B6-B85B-1756883B73E2}
		{8D3EEEAB-269B-439F-BEE8-D9FDE652820F} = {748A5531-1207-40B6-B85B-1756883B73E2}
		{39617A00-DD13-4B72-9E1D-D01934EFD3AE} = {748A5531-1207-40B6-B85B-1756883B73E2}
		{0F830230-444A-4B76-97C5-5EDF8FAD6EC0} = {748A5531-1207-40B6-B85B-1756883B73E2}
		{AC0E77A1-EAD4-4C13-9E65-9CCE63E1B737} = {748A5531-1207-40B6-B85B-1756883B73E2}
		{3B139484-AB69-4F91-8722-02923B478BEF} = {748A5531-1207-40B6-B85B-1756883B73E2}
		{8367F834-C483-468B-BBF9-51D1463B7454} = {748A5531-1207-40B6-B85B-1756883B73E2}
		{6BA63F51-F323-44FE-86DA-08A999AE9C45} = {748A5531-1207-40B6-B85B-1756883B73E2}
		{87C8E063-E6EA-40F5-A697-427A6BFA04E7} = {748A5531-1207-40B6-B85B-1756883B73E2}
		{018495D2-8EBA-42D2-A24D-EEA3297FB271} = {748A5531-1207-40B6-B85B-1756883B73E2}
		{E6954C42-F9EF-4228-894B-5805DF1DF73B} = {748A5531-1207-40B6-B85B-1756883B73E2}
		{FF94951A-6DCD-43DB-A438-D756EB74E0B1} = {748A5531-1207-40B6-B85B-1756883B73E2}
		{531CE000-C40E-4FA6-8004-94FC853CFBE9} = {748A5531-1207-40B6-B85B-1756883B73E2}
	EndGlobalSection
	GlobalSection(ExtensibilityGlobals) = postSolution
		SolutionGuid = {5948DEFA-8E60-4737-9861-77DC8AD8DA68}
	EndGlobalSection
EndGlobal
